Microsoft Visual Studio Solution File, Format Version 11.00
# Visual Studio 2008

Project("{84A0C442-EC1B-5398-0DFD-E5864C9BB0C8}") = "Prototipo1", "Assembly-CSharp.csproj", "{E1D20A9B-A73B-1B40-669A-2BD901958E41}"
EndProject
Global
	GlobalSection(SolutionConfigurationPlatforms) = preSolution
		Debug|Any CPU = Debug|Any CPU
		Release|Any CPU = Release|Any CPU
	EndGlobalSection
	GlobalSection(ProjectConfigurationPlatforms) = postSolution
		{E1D20A9B-A73B-1B40-669A-2BD901958E41}.Debug|Any CPU.ActiveCfg = Debug|Any CPU
		{E1D20A9B-A73B-1B40-669A-2BD901958E41}.Debug|Any CPU.Build.0 = Debug|Any CPU
		{E1D20A9B-A73B-1B40-669A-2BD901958E41}.Release|Any CPU.ActiveCfg = Release|Any CPU
		{E1D20A9B-A73B-1B40-669A-2BD901958E41}.Release|Any CPU.Build.0 = Release|Any CPU
	EndGlobalSection
	GlobalSection(SolutionProperties) = preSolution
		HideSolutionNode = FALSE
	EndGlobalSection
			GlobalSection(MonoDevelopProperties) = preSolution
		StartupItem = Assembly-CSharp.csproj
		Policies = $0
		$0.TextStylePolicy = $1
		$1.inheritsSet = null
		$1.scope = text/x-csharp
		$0.CSharpFormattingPolicy = $2
		$2.inheritsSet = Mono
		$2.inheritsScope = text/x-csharp
		$2.scope = text/x-csharp
		$0.TextStylePolicy = $3
		$3.FileWidth = 120
		$3.TabWidth = 4
		$3.EolMarker = Unix
		$3.inheritsSet = Mono
		$3.inheritsScope = text/plain
		$3.scope = text/plain
	EndGlobalSection

EndGlobal
